
Microsoft Visual Studio Solution File, Format Version 12.00
# Visual Studio Version 17
VisualStudioVersion = 17.5.33502.453
MinimumVisualStudioVersion = 10.0.40219.1
Project("{FAE04EC0-301F-11D3-BF4B-00C04F79EFBC}") = "AdoDataSetApp", "AdoDataSetApp\AdoDataSetApp.csproj", "{5680FD29-F218-49CE-A882-AC980A1B0E66}"
EndProject
Global
	GlobalSection(SolutionConfigurationPlatforms) = preSolution
		Debug|Any CPU = Debug|Any CPU
		Release|Any CPU = Release|Any CPU
	EndGlobalSection
	GlobalSection(ProjectConfigurationPlatforms) = postSolution
		{5680FD29-F218-49CE-A882-AC980A1B0E66}.Debug|Any CPU.ActiveCfg = Debug|Any CPU
		{5680FD29-F218-49CE-A882-AC980A1B0E66}.Debug|Any CPU.Build.0 = Debug|Any CPU
		{5680FD29-F218-49CE-A882-AC980A1B0E66}.Release|Any CPU.ActiveCfg = Release|Any CPU
		{5680FD29-F218-49CE-A882-AC980A1B0E66}.Release|Any CPU.Build.0 = Release|Any CPU
	EndGlobalSection
	GlobalSection(SolutionProperties) = preSolution
		HideSolutionNode = FALSE
	EndGlobalSection
	GlobalSection(ExtensibilityGlobals) = postSolution
		SolutionGuid = {7C1FBA17-0580-4BA3-ABB1-4274A07FA361}
	EndGlobalSection
EndGlobal
